PODS:
  - FlickrKit (1.0.8)
  - Masonry (1.0.2)
  - SDWebImage (3.8.2):
    - SDWebImage/Core (= 3.8.2)
  - SDWebImage/Core (3.8.2)

DEPENDENCIES:
  - FlickrKit
  - Masonry
  - SDWebImage

SPEC CHECKSUMS:
  FlickrKit: beadf880a10ccaa2f13666d04112324fe08815e2
  Masonry: 7c429b56da9d4ee0bbb3ed77a5ea710d6a5df39e
  SDWebImage: 098e97e6176540799c27e804c96653ee0833d13c

PODFILE CHECKSUM: bcbfbae8ac66cbe8951860e7c3d75cb17f1a813c

COCOAPODS: 1.0.1
